
Microsoft Visual Studio Solution File, Format Version 12.00
Project("{2150E333-8FDC-42A3-9474-1A3956D46DE8}") = "src", "src", "{3AAF3D08-DDCF-4AB7-BAFB-FDCF14EC9A4F}"
ProjectSection(SolutionItems) = preProject
	src\Directory.Build.props = src\Directory.Build.props
EndProjectSection
EndProject
Project("{2150E333-8FDC-42A3-9474-1A3956D46DE8}") = "tests", "tests", "{F50A6278-58B3-4FA5-9B8E-621C034D8688}"
ProjectSection(SolutionItems) = preProject
	tests\Directory.Build.props = tests\Directory.Build.props
EndProjectSection
EndProject
Project("{2150E333-8FDC-42A3-9474-1A3956D46DE8}") = "Repository Items", "Repository Items", "{84421890-6280-46B1-A1D3-86D6FF27141A}"
ProjectSection(SolutionItems) = preProject
	LICENSE = LICENSE
	README.md = README.md
	CHANGELOG.md = CHANGELOG.md
EndProjectSection
EndProject
Project("{2150E333-8FDC-42A3-9474-1A3956D46DE8}") = "Solution Items", "Solution Items", "{396314EB-0A87-4B8B-8390-8B6485659817}"
ProjectSection(SolutionItems) = preProject
	azure-pipelines.yml = azure-pipelines.yml
	build.sh = build.sh
	Dockerfile = Dockerfile
	Directory.build.props = Directory.build.props
	build.ps1 = build.ps1
	.dockerignore = .dockerignore
	icon.png = icon.png
EndProjectSection
EndProject
Project("{FAE04EC0-301F-11D3-BF4B-00C04F79EFBC}") = "BetterExtensions", "src\BetterExtensions\BetterExtensions.csproj", "{205D611C-C87B-48DA-A690-7E1C92E8671D}"
EndProject
Project("{FAE04EC0-301F-11D3-BF4B-00C04F79EFBC}") = "BetterExtensions.Tests", "tests\BetterExtensions.Tests\BetterExtensions.Tests.csproj", "{F7202A7A-0058-4E98-885D-FAA993D6171C}"
EndProject
Global
	GlobalSection(SolutionConfigurationPlatforms) = preSolution
		Debug|Any CPU = Debug|Any CPU
		Release|Any CPU = Release|Any CPU
	EndGlobalSection
	GlobalSection(ProjectConfigurationPlatforms) = postSolution
		{205D611C-C87B-48DA-A690-7E1C92E8671D}.Debug|Any CPU.ActiveCfg = Debug|Any CPU
		{205D611C-C87B-48DA-A690-7E1C92E8671D}.Debug|Any CPU.Build.0 = Debug|Any CPU
		{205D611C-C87B-48DA-A690-7E1C92E8671D}.Release|Any CPU.ActiveCfg = Release|Any CPU
		{205D611C-C87B-48DA-A690-7E1C92E8671D}.Release|Any CPU.Build.0 = Release|Any CPU
		{F7202A7A-0058-4E98-885D-FAA993D6171C}.Debug|Any CPU.ActiveCfg = Debug|Any CPU
		{F7202A7A-0058-4E98-885D-FAA993D6171C}.Debug|Any CPU.Build.0 = Debug|Any CPU
		{F7202A7A-0058-4E98-885D-FAA993D6171C}.Release|Any CPU.ActiveCfg = Release|Any CPU
		{F7202A7A-0058-4E98-885D-FAA993D6171C}.Release|Any CPU.Build.0 = Release|Any CPU
	EndGlobalSection
	GlobalSection(NestedProjects) = preSolution
		{205D611C-C87B-48DA-A690-7E1C92E8671D} = {3AAF3D08-DDCF-4AB7-BAFB-FDCF14EC9A4F}
		{F7202A7A-0058-4E98-885D-FAA993D6171C} = {F50A6278-58B3-4FA5-9B8E-621C034D8688}
	EndGlobalSection
EndGlobal
